
Microsoft Visual Studio Solution File, Format Version 12.00
# Visual Studio 15
VisualStudioVersion = 15.0.27703.2026
MinimumVisualStudioVersion = 10.0.40219.1
Project("{9A19103F-16F7-4668-BE54-9A1E7A4F7556}") = "qBIPro", "GraphicTestCore\qBIPro.csproj", "{618733BA-D293-4C1F-885B-5810B19829A6}"
EndProject
Global
	GlobalSection(SolutionConfigurationPlatforms) = preSolution
		Debug|Any CPU = Debug|Any CPU
		Release|Any CPU = Release|Any CPU
	EndGlobalSection
	GlobalSection(ProjectConfigurationPlatforms) = postSolution
		{618733BA-D293-4C1F-885B-5810B19829A6}.Debug|Any CPU.ActiveCfg = Debug|Any CPU
		{618733BA-D293-4C1F-885B-5810B19829A6}.Debug|Any CPU.Build.0 = Debug|Any CPU
		{618733BA-D293-4C1F-885B-5810B19829A6}.Release|Any CPU.ActiveCfg = Release|Any CPU
		{618733BA-D293-4C1F-885B-5810B19829A6}.Release|Any CPU.Build.0 = Release|Any CPU
	EndGlobalSection
	GlobalSection(SolutionProperties) = preSolution
		HideSolutionNode = FALSE
	EndGlobalSection
	GlobalSection(ExtensibilityGlobals) = postSolution
		SolutionGuid = {15EEE7C2-A05B-43AB-A307-463F6BDDAD09}
	EndGlobalSection
EndGlobal
